
Microsoft Visual Studio Solution File, Format Version 12.00
# Visual Studio Version 16
VisualStudioVersion = 16.0.30011.22
MinimumVisualStudioVersion = 10.0.40219.1
Project("{FAE04EC0-301F-11D3-BF4B-00C04F79EFBC}") = "JobBoardApp", "JobBoardApp\JobBoardApp.csproj", "{7D098D9C-B7D4-4EC5-AFBC-C08FD911B499}"
EndProject
Global
	GlobalSection(SolutionConfigurationPlatforms) = preSolution
		Debug|Any CPU = Debug|Any CPU
		Release|Any CPU = Release|Any CPU
	EndGlobalSection
	GlobalSection(ProjectConfigurationPlatforms) = postSolution
		{7D098D9C-B7D4-4EC5-AFBC-C08FD911B499}.Debug|Any CPU.ActiveCfg = Debug|Any CPU
		{7D098D9C-B7D4-4EC5-AFBC-C08FD911B499}.Debug|Any CPU.Build.0 = Debug|Any CPU
		{7D098D9C-B7D4-4EC5-AFBC-C08FD911B499}.Release|Any CPU.ActiveCfg = Release|Any CPU
		{7D098D9C-B7D4-4EC5-AFBC-C08FD911B499}.Release|Any CPU.Build.0 = Release|Any CPU
	EndGlobalSection
	GlobalSection(SolutionProperties) = preSolution
		HideSolutionNode = FALSE
	EndGlobalSection
	GlobalSection(ExtensibilityGlobals) = postSolution
		SolutionGuid = {86FBA7D3-8B42-4C38-8BF7-242EDF8CD8C0}
	EndGlobalSection
EndGlobal
